
Microsoft Visual Studio Solution File, Format Version 12.00
# Visual Studio 2012
Project("{FAE04EC0-301F-11D3-BF4B-00C04F79EFBC}") = "tarea1_preg1", "tarea1_preg2\tarea1_preg1.csproj", "{FB464ECF-0BC1-4818-A6AB-D103B066F61F}"
EndProject
Global
	GlobalSection(SolutionConfigurationPlatforms) = preSolution
		Debug|Any CPU = Debug|Any CPU
		Release|Any CPU = Release|Any CPU
	EndGlobalSection
	GlobalSection(ProjectConfigurationPlatforms) = postSolution
		{FB464ECF-0BC1-4818-A6AB-D103B066F61F}.Debug|Any CPU.ActiveCfg = Debug|Any CPU
		{FB464ECF-0BC1-4818-A6AB-D103B066F61F}.Debug|Any CPU.Build.0 = Debug|Any CPU
		{FB464ECF-0BC1-4818-A6AB-D103B066F61F}.Release|Any CPU.ActiveCfg = Release|Any CPU
		{FB464ECF-0BC1-4818-A6AB-D103B066F61F}.Release|Any CPU.Build.0 = Release|Any CPU
	EndGlobalSection
	GlobalSection(SolutionProperties) = preSolution
		HideSolutionNode = FALSE
	EndGlobalSection
EndGlobal
