
Microsoft Visual Studio Solution File, Format Version 12.00
# Visual Studio 2013
VisualStudioVersion = 12.0.21005.1
MinimumVisualStudioVersion = 10.0.40219.1
Project("{FAE04EC0-301F-11D3-BF4B-00C04F79EFBC}") = "Tarea3_preg2", "Tarea3_preg2\Tarea3_preg2.csproj", "{D0BFB861-B686-40D9-A14F-9C3A65E0767E}"
EndProject
Global
	GlobalSection(SolutionConfigurationPlatforms) = preSolution
		Debug|Any CPU = Debug|Any CPU
		Release|Any CPU = Release|Any CPU
	EndGlobalSection
	GlobalSection(ProjectConfigurationPlatforms) = postSolution
		{D0BFB861-B686-40D9-A14F-9C3A65E0767E}.Debug|Any CPU.ActiveCfg = Debug|Any CPU
		{D0BFB861-B686-40D9-A14F-9C3A65E0767E}.Debug|Any CPU.Build.0 = Debug|Any CPU
		{D0BFB861-B686-40D9-A14F-9C3A65E0767E}.Release|Any CPU.ActiveCfg = Release|Any CPU
		{D0BFB861-B686-40D9-A14F-9C3A65E0767E}.Release|Any CPU.Build.0 = Release|Any CPU
	EndGlobalSection
	GlobalSection(SolutionProperties) = preSolution
		HideSolutionNode = FALSE
	EndGlobalSection
EndGlobal
